
Microsoft Visual Studio Solution File, Format Version 12.00
# Visual Studio Version 17
VisualStudioVersion = 17.0.31903.59
MinimumVisualStudioVersion = 10.0.40219.1
Project("{2150E333-8FDC-42A3-9474-1A3956D46DE8}") = "src", "src", "{955EE259-2803-4E17-B7FA-BFBE499730FB}"
EndProject
Project("{FAE04EC0-301F-11D3-BF4B-00C04F79EFBC}") = "Utilities", "src\Utilities\Utilities.csproj", "{20E3A0A5-59CF-4DB2-8B94-19B245A32F17}"
EndProject
Project("{FAE04EC0-301F-11D3-BF4B-00C04F79EFBC}") = "Year2015", "src\Year2015\Year2015.csproj", "{8000D0E6-4DA5-48A5-AA2E-4F52C1871CC3}"
EndProject
Project("{FAE04EC0-301F-11D3-BF4B-00C04F79EFBC}") = "Year2016", "src\Year2016\Year2016.csproj", "{F953542D-2691-4BE8-BBD4-770C0A6F3718}"
EndProject
Project("{FAE04EC0-301F-11D3-BF4B-00C04F79EFBC}") = "Year2017", "src\Year2017\Year2017.csproj", "{2A84E09A-2FBC-4DAA-87E6-87D9F1CA8795}"
EndProject
Project("{FAE04EC0-301F-11D3-BF4B-00C04F79EFBC}") = "Year2018", "src\Year2018\Year2018.csproj", "{9469233A-F808-4D0D-B004-3C4E786C1990}"
EndProject
Project("{FAE04EC0-301F-11D3-BF4B-00C04F79EFBC}") = "Year2019", "src\Year2019\Year2019.csproj", "{9315E9D2-00D1-409B-A5B8-20E2DE78B42F}"
EndProject
Project("{FAE04EC0-301F-11D3-BF4B-00C04F79EFBC}") = "Year2020", "src\Year2020\Year2020.csproj", "{6491D5D7-DF14-4E95-8430-9724E2A5BCD1}"
EndProject
Project("{FAE04EC0-301F-11D3-BF4B-00C04F79EFBC}") = "Year2021", "src\Year2021\Year2021.csproj", "{792C5BC5-A5F7-48CB-AAAB-0C80BE2BF764}"
EndProject
Project("{FAE04EC0-301F-11D3-BF4B-00C04F79EFBC}") = "Year2022", "src\Year2022\Year2022.csproj", "{1096783E-1E6F-4CCC-B1E9-46D80566D924}"
EndProject
Project("{FAE04EC0-301F-11D3-BF4B-00C04F79EFBC}") = "Year2023", "src\Year2023\Year2023.csproj", "{893D517E-D0DE-4F94-AFAC-8698BE5F8BBD}"
EndProject
Project("{FAE04EC0-301F-11D3-BF4B-00C04F79EFBC}") = "Utilities.Tests", "src\Utilities.Tests\Utilities.Tests.csproj", "{51274D7C-2452-4ED8-B8F8-5F74B642DB0B}"
EndProject
Project("{FAE04EC0-301F-11D3-BF4B-00C04F79EFBC}") = "Year2024", "src\Year2024\Year2024.csproj", "{D12BA8F3-BEA1-4DF6-AB25-9A7E3CC13A68}"
EndProject
Global
	GlobalSection(SolutionConfigurationPlatforms) = preSolution
		Debug|Any CPU = Debug|Any CPU
		Release|Any CPU = Release|Any CPU
	EndGlobalSection
	GlobalSection(SolutionProperties) = preSolution
		HideSolutionNode = FALSE
	EndGlobalSection
	GlobalSection(ProjectConfigurationPlatforms) = postSolution
		{20E3A0A5-59CF-4DB2-8B94-19B245A32F17}.Debug|Any CPU.ActiveCfg = Debug|Any CPU
		{20E3A0A5-59CF-4DB2-8B94-19B245A32F17}.Debug|Any CPU.Build.0 = Debug|Any CPU
		{20E3A0A5-59CF-4DB2-8B94-19B245A32F17}.Release|Any CPU.ActiveCfg = Release|Any CPU
		{20E3A0A5-59CF-4DB2-8B94-19B245A32F17}.Release|Any CPU.Build.0 = Release|Any CPU
		{8000D0E6-4DA5-48A5-AA2E-4F52C1871CC3}.Debug|Any CPU.ActiveCfg = Debug|Any CPU
		{8000D0E6-4DA5-48A5-AA2E-4F52C1871CC3}.Debug|Any CPU.Build.0 = Debug|Any CPU
		{8000D0E6-4DA5-48A5-AA2E-4F52C1871CC3}.Release|Any CPU.ActiveCfg = Release|Any CPU
		{8000D0E6-4DA5-48A5-AA2E-4F52C1871CC3}.Release|Any CPU.Build.0 = Release|Any CPU
		{F953542D-2691-4BE8-BBD4-770C0A6F3718}.Debug|Any CPU.ActiveCfg = Debug|Any CPU
		{F953542D-2691-4BE8-BBD4-770C0A6F3718}.Debug|Any CPU.Build.0 = Debug|Any CPU
		{F953542D-2691-4BE8-BBD4-770C0A6F3718}.Release|Any CPU.ActiveCfg = Release|Any CPU
		{F953542D-2691-4BE8-BBD4-770C0A6F3718}.Release|Any CPU.Build.0 = Release|Any CPU
		{2A84E09A-2FBC-4DAA-87E6-87D9F1CA8795}.Debug|Any CPU.ActiveCfg = Debug|Any CPU
		{2A84E09A-2FBC-4DAA-87E6-87D9F1CA8795}.Debug|Any CPU.Build.0 = Debug|Any CPU
		{2A84E09A-2FBC-4DAA-87E6-87D9F1CA8795}.Release|Any CPU.ActiveCfg = Release|Any CPU
		{2A84E09A-2FBC-4DAA-87E6-87D9F1CA8795}.Release|Any CPU.Build.0 = Release|Any CPU
		{9469233A-F808-4D0D-B004-3C4E786C1990}.Debug|Any CPU.ActiveCfg = Debug|Any CPU
		{9469233A-F808-4D0D-B004-3C4E786C1990}.Debug|Any CPU.Build.0 = Debug|Any CPU
		{9469233A-F808-4D0D-B004-3C4E786C1990}.Release|Any CPU.ActiveCfg = Release|Any CPU
		{9469233A-F808-4D0D-B004-3C4E786C1990}.Release|Any CPU.Build.0 = Release|Any CPU
		{9315E9D2-00D1-409B-A5B8-20E2DE78B42F}.Debug|Any CPU.ActiveCfg = Debug|Any CPU
		{9315E9D2-00D1-409B-A5B8-20E2DE78B42F}.Debug|Any CPU.Build.0 = Debug|Any CPU
		{9315E9D2-00D1-409B-A5B8-20E2DE78B42F}.Release|Any CPU.ActiveCfg = Release|Any CPU
		{9315E9D2-00D1-409B-A5B8-20E2DE78B42F}.Release|Any CPU.Build.0 = Release|Any CPU
		{6491D5D7-DF14-4E95-8430-9724E2A5BCD1}.Debug|Any CPU.ActiveCfg = Debug|Any CPU
		{6491D5D7-DF14-4E95-8430-9724E2A5BCD1}.Debug|Any CPU.Build.0 = Debug|Any CPU
		{6491D5D7-DF14-4E95-8430-9724E2A5BCD1}.Release|Any CPU.ActiveCfg = Release|Any CPU
		{6491D5D7-DF14-4E95-8430-9724E2A5BCD1}.Release|Any CPU.Build.0 = Release|Any CPU
		{792C5BC5-A5F7-48CB-AAAB-0C80BE2BF764}.Debug|Any CPU.ActiveCfg = Debug|Any CPU
		{792C5BC5-A5F7-48CB-AAAB-0C80BE2BF764}.Debug|Any CPU.Build.0 = Debug|Any CPU
		{792C5BC5-A5F7-48CB-AAAB-0C80BE2BF764}.Release|Any CPU.ActiveCfg = Release|Any CPU
		{792C5BC5-A5F7-48CB-AAAB-0C80BE2BF764}.Release|Any CPU.Build.0 = Release|Any CPU
		{1096783E-1E6F-4CCC-B1E9-46D80566D924}.Debug|Any CPU.ActiveCfg = Debug|Any CPU
		{1096783E-1E6F-4CCC-B1E9-46D80566D924}.Debug|Any CPU.Build.0 = Debug|Any CPU
		{1096783E-1E6F-4CCC-B1E9-46D80566D924}.Release|Any CPU.ActiveCfg = Release|Any CPU
		{1096783E-1E6F-4CCC-B1E9-46D80566D924}.Release|Any CPU.Build.0 = Release|Any CPU
		{893D517E-D0DE-4F94-AFAC-8698BE5F8BBD}.Debug|Any CPU.ActiveCfg = Debug|Any CPU
		{893D517E-D0DE-4F94-AFAC-8698BE5F8BBD}.Debug|Any CPU.Build.0 = Debug|Any CPU
		{893D517E-D0DE-4F94-AFAC-8698BE5F8BBD}.Release|Any CPU.ActiveCfg = Release|Any CPU
		{893D517E-D0DE-4F94-AFAC-8698BE5F8BBD}.Release|Any CPU.Build.0 = Release|Any CPU
		{51274D7C-2452-4ED8-B8F8-5F74B642DB0B}.Debug|Any CPU.ActiveCfg = Debug|Any CPU
		{51274D7C-2452-4ED8-B8F8-5F74B642DB0B}.Debug|Any CPU.Build.0 = Debug|Any CPU
		{51274D7C-2452-4ED8-B8F8-5F74B642DB0B}.Release|Any CPU.ActiveCfg = Release|Any CPU
		{51274D7C-2452-4ED8-B8F8-5F74B642DB0B}.Release|Any CPU.Build.0 = Release|Any CPU
		{D12BA8F3-BEA1-4DF6-AB25-9A7E3CC13A68}.Debug|Any CPU.ActiveCfg = Debug|Any CPU
		{D12BA8F3-BEA1-4DF6-AB25-9A7E3CC13A68}.Debug|Any CPU.Build.0 = Debug|Any CPU
		{D12BA8F3-BEA1-4DF6-AB25-9A7E3CC13A68}.Release|Any CPU.ActiveCfg = Release|Any CPU
		{D12BA8F3-BEA1-4DF6-AB25-9A7E3CC13A68}.Release|Any CPU.Build.0 = Release|Any CPU
	EndGlobalSection
	GlobalSection(NestedProjects) = preSolution
		{20E3A0A5-59CF-4DB2-8B94-19B245A32F17} = {955EE259-2803-4E17-B7FA-BFBE499730FB}
		{8000D0E6-4DA5-48A5-AA2E-4F52C1871CC3} = {955EE259-2803-4E17-B7FA-BFBE499730FB}
		{F953542D-2691-4BE8-BBD4-770C0A6F3718} = {955EE259-2803-4E17-B7FA-BFBE499730FB}
		{2A84E09A-2FBC-4DAA-87E6-87D9F1CA8795} = {955EE259-2803-4E17-B7FA-BFBE499730FB}
		{9469233A-F808-4D0D-B004-3C4E786C1990} = {955EE259-2803-4E17-B7FA-BFBE499730FB}
		{9315E9D2-00D1-409B-A5B8-20E2DE78B42F} = {955EE259-2803-4E17-B7FA-BFBE499730FB}
		{6491D5D7-DF14-4E95-8430-9724E2A5BCD1} = {955EE259-2803-4E17-B7FA-BFBE499730FB}
		{792C5BC5-A5F7-48CB-AAAB-0C80BE2BF764} = {955EE259-2803-4E17-B7FA-BFBE499730FB}
		{1096783E-1E6F-4CCC-B1E9-46D80566D924} = {955EE259-2803-4E17-B7FA-BFBE499730FB}
		{893D517E-D0DE-4F94-AFAC-8698BE5F8BBD} = {955EE259-2803-4E17-B7FA-BFBE499730FB}
		{51274D7C-2452-4ED8-B8F8-5F74B642DB0B} = {955EE259-2803-4E17-B7FA-BFBE499730FB}
		{D12BA8F3-BEA1-4DF6-AB25-9A7E3CC13A68} = {955EE259-2803-4E17-B7FA-BFBE499730FB}
	EndGlobalSection
EndGlobal
